
Microsoft Visual Studio Solution File, Format Version 12.00
# Visual Studio Version 17
VisualStudioVersion = 17.8.34511.84
MinimumVisualStudioVersion = 10.0.40219.1
Project("{FAE04EC0-301F-11D3-BF4B-00C04F79EFBC}") = "Sabor&Frescor", "Sabor&Frescor\Sabor&Frescor.csproj", "{2F899FB2-DF61-4D6A-9C0C-B16566B15D10}"
EndProject
Global
	GlobalSection(SolutionConfigurationPlatforms) = preSolution
		Debug|Any CPU = Debug|Any CPU
		Release|Any CPU = Release|Any CPU
	EndGlobalSection
	GlobalSection(ProjectConfigurationPlatforms) = postSolution
		{2F899FB2-DF61-4D6A-9C0C-B16566B15D10}.Debug|Any CPU.ActiveCfg = Debug|Any CPU
		{2F899FB2-DF61-4D6A-9C0C-B16566B15D10}.Debug|Any CPU.Build.0 = Debug|Any CPU
		{2F899FB2-DF61-4D6A-9C0C-B16566B15D10}.Release|Any CPU.ActiveCfg = Release|Any CPU
		{2F899FB2-DF61-4D6A-9C0C-B16566B15D10}.Release|Any CPU.Build.0 = Release|Any CPU
	EndGlobalSection
	GlobalSection(SolutionProperties) = preSolution
		HideSolutionNode = FALSE
	EndGlobalSection
	GlobalSection(ExtensibilityGlobals) = postSolution
		SolutionGuid = {E15D1A52-B895-43DC-A256-B19496458583}
	EndGlobalSection
EndGlobal
